{
  "requires": true,
  "lockfileVersion": 1,
  "dependencies": {
    "vue-component-media-queries": {
      "version": "1.0.0",
      "resolved": "https://registry.npmjs.org/vue-component-media-queries/-/vue-component-media-queries-1.0.0.tgz",
      "integrity": "sha512-fcGjDNqfOjPkk9hfs4x+K8d0nYUSwDzpcrNwLyHCaGWImEoQXGU2gROCBMXnBTErgzIRNgyYwCqCeB+p6guLtQ=="
    },
    "vue-persian-digit": {
      "version": "0.0.7",
      "resolved": "https://registry.npmjs.org/vue-persian-digit/-/vue-persian-digit-0.0.7.tgz",
      "integrity": "sha512-2anBndGeB3DaSERF7Tx20hqNeFtU0awXKlZ/V/4/CxBUkbaCZVa43ktwDZhvb/QhaYMtq4usZWJQcY67WbGHaQ=="
    }
  }
}
